
Microsoft Visual Studio Solution File, Format Version 12.00
# Visual Studio Version 16
VisualStudioVersion = 16.0.31624.102
MinimumVisualStudioVersion = 10.0.40219.1
Project("{FAE04EC0-301F-11D3-BF4B-00C04F79EFBC}") = "ScriptForSeconds", "ScriptForSeconds\ScriptForSeconds.csproj", "{9867EB6E-551D-48D0-B1CE-2B063A35AC91}"
EndProject
Global
	GlobalSection(SolutionConfigurationPlatforms) = preSolution
		Debug|Any CPU = Debug|Any CPU
		Release|Any CPU = Release|Any CPU
	EndGlobalSection
	GlobalSection(ProjectConfigurationPlatforms) = postSolution
		{9867EB6E-551D-48D0-B1CE-2B063A35AC91}.Debug|Any CPU.ActiveCfg = Debug|Any CPU
		{9867EB6E-551D-48D0-B1CE-2B063A35AC91}.Debug|Any CPU.Build.0 = Debug|Any CPU
		{9867EB6E-551D-48D0-B1CE-2B063A35AC91}.Release|Any CPU.ActiveCfg = Release|Any CPU
		{9867EB6E-551D-48D0-B1CE-2B063A35AC91}.Release|Any CPU.Build.0 = Release|Any CPU
	EndGlobalSection
	GlobalSection(SolutionProperties) = preSolution
		HideSolutionNode = FALSE
	EndGlobalSection
	GlobalSection(ExtensibilityGlobals) = postSolution
		SolutionGuid = {C72FABAB-0267-48CE-B955-F18AAB4F5E96}
	EndGlobalSection
EndGlobal
